
Microsoft Visual Studio Solution File, Format Version 12.00
# Visual Studio 2015
Project("{FAE04EC0-301F-11D3-BF4B-00C04F79EFBC}") = "ShirenClone.Plugins", "ShirenClone.Plugins.csproj", "{4CD49575-1F79-90B9-AD16-3687FD396662}"
EndProject
Project("{FAE04EC0-301F-11D3-BF4B-00C04F79EFBC}") = "ShirenClone", "ShirenClone.csproj", "{779453FD-1619-D157-2233-0F85A55C7331}"
EndProject
Project("{FAE04EC0-301F-11D3-BF4B-00C04F79EFBC}") = "ShirenClone.Editor.Plugins", "ShirenClone.Editor.Plugins.csproj", "{3991F270-4DC0-83E9-ECDD-E102E07999A0}"
EndProject
Global
	GlobalSection(SolutionConfigurationPlatforms) = preSolution
		Debug|Any CPU = Debug|Any CPU
		Release|Any CPU = Release|Any CPU
	EndGlobalSection
	GlobalSection(ProjectConfigurationPlatforms) = postSolution
		{4CD49575-1F79-90B9-AD16-3687FD396662}.Debug|Any CPU.ActiveCfg = Debug|Any CPU
		{4CD49575-1F79-90B9-AD16-3687FD396662}.Debug|Any CPU.Build.0 = Debug|Any CPU
		{4CD49575-1F79-90B9-AD16-3687FD396662}.Release|Any CPU.ActiveCfg = Release|Any CPU
		{4CD49575-1F79-90B9-AD16-3687FD396662}.Release|Any CPU.Build.0 = Release|Any CPU
		{779453FD-1619-D157-2233-0F85A55C7331}.Debug|Any CPU.ActiveCfg = Debug|Any CPU
		{779453FD-1619-D157-2233-0F85A55C7331}.Debug|Any CPU.Build.0 = Debug|Any CPU
		{779453FD-1619-D157-2233-0F85A55C7331}.Release|Any CPU.ActiveCfg = Release|Any CPU
		{779453FD-1619-D157-2233-0F85A55C7331}.Release|Any CPU.Build.0 = Release|Any CPU
		{3991F270-4DC0-83E9-ECDD-E102E07999A0}.Debug|Any CPU.ActiveCfg = Debug|Any CPU
		{3991F270-4DC0-83E9-ECDD-E102E07999A0}.Debug|Any CPU.Build.0 = Debug|Any CPU
		{3991F270-4DC0-83E9-ECDD-E102E07999A0}.Release|Any CPU.ActiveCfg = Release|Any CPU
		{3991F270-4DC0-83E9-ECDD-E102E07999A0}.Release|Any CPU.Build.0 = Release|Any CPU
	EndGlobalSection
	GlobalSection(SolutionProperties) = preSolution
		HideSolutionNode = FALSE
	EndGlobalSection
EndGlobal
